{
  "name": "cobrand_hackney",
  "version": "1.0.0",
  "lockfileVersion": 2,
  "requires": true,
  "packages": {
    "": {
      "name": "cobrand_hackney",
      "version": "1.0.0",
      "license": "MIT",
      "dependencies": {
        "lbh-frontend": "^3.5.3"
      }
    },
    "node_modules/@babel/runtime": {
      "version": "7.15.3",
      "resolved": "https://registry.npmjs.org/@babel/runtime/-/runtime-7.15.3.tgz",
      "integrity": "sha512-OvwMLqNXkCXSz1kSm58sEsNuhqOx/fKpnUnKnFB5v8uDda5bLNEHNgKPvhDN6IU0LDcnHQ90LlJ0Q6jnyBSIBA==",
      "dependencies": {
        "regenerator-runtime": "^0.13.4"
      },
      "engines": {
        "node": ">=6.9.0"
      }
    },
    "node_modules/@popperjs/core": {
      "version": "2.9.3",
      "resolved": "https://registry.npmjs.org/@popperjs/core/-/core-2.9.3.tgz",
      "integrity": "sha512-xDu17cEfh7Kid/d95kB6tZsLOmSWKCZKtprnhVepjsSaCij+lM3mItSJDuuHDMbCWTh8Ejmebwb+KONcCJ0eXQ==",
      "funding": {
        "type": "opencollective",
        "url": "https://opencollective.com/popperjs"
      }
    },
    "node_modules/@reach/dialog": {
      "version": "0.15.3",
      "resolved": "https://registry.npmjs.org/@reach/dialog/-/dialog-0.15.3.tgz",
      "integrity": "sha512-fF9Wkk4CCuKqRLko92hhElV2mZJpYhq7F97aP0iLyP31xz14/hcFnM3/qocxnKW5V1nA41xl0/yZfxljfyuwig==",
      "dependencies": {
        "@reach/portal": "0.15.3",
        "@reach/utils": "0.15.3",
        "prop-types": "^15.7.2",
        "react-focus-lock": "^2.5.1",
        "react-remove-scroll": "^2.4.2",
        "tslib": "^2.3.0"
      },
      "peerDependencies": {
        "react": "^16.8.0 || 17.x",
        "react-dom": "^16.8.0 || 17.x"
      }
    },
    "node_modules/@reach/portal": {
      "version": "0.15.3",
      "resolved": "https://registry.npmjs.org/@reach/portal/-/portal-0.15.3.tgz",
      "integrity": "sha512-9VkVEQIF9gK73uK1f9MYhrJivd0dpxhkBEb2zwVCIEGvKVxadmRNmCjgcWexGjA0UeCjIhEjQQehs/IZHNLPdw==",
      "dependencies": {
        "@reach/utils": "0.15.3",
        "tslib": "^2.3.0"
      },
      "peerDependencies": {
        "react": "^16.8.0 || 17.x",
        "react-dom": "^16.8.0 || 17.x"
      }
    },
    "node_modules/@reach/utils": {
      "version": "0.15.3",
      "resolved": "https://registry.npmjs.org/@reach/utils/-/utils-0.15.3.tgz",
      "integrity": "sha512-HFyjw8LZ4/RRk5bcMpDAeEc3aOeLR/vWRDsljlE3cHI5GfFlZcG3DDLSW8C2ba74RCFp/4X3Nz0nOrd4JdkZ1w==",
      "dependencies": {
        "tiny-warning": "^1.0.3",
        "tslib": "^2.3.0"
      },
      "peerDependencies": {
        "react": "^16.8.0 || 17.x",
        "react-dom": "^16.8.0 || 17.x"
      }
    },
    "node_modules/@tippyjs/react": {
      "version": "4.2.5",
      "resolved": "https://registry.npmjs.org/@tippyjs/react/-/react-4.2.5.tgz",
      "integrity": "sha512-YBLgy+1zznBNbx4JOoOdFXWMLXjBh9hLPwRtq3s8RRdrez2l3tPBRt2m2909wZd9S1KUeKjOOYYsnitccI9I3A==",
      "dependencies": {
        "tippy.js": "^6.3.1"
      },
      "peerDependencies": {
        "react": ">=16.8",
        "react-dom": ">=16.8"
      }
    },
    "node_modules/detect-node-es": {
      "version": "1.1.0",
      "resolved": "https://registry.npmjs.org/detect-node-es/-/detect-node-es-1.1.0.tgz",
      "integrity": "sha512-ypdmJU/TbBby2Dxibuv7ZLW3Bs1QEmM7nHjEANfohJLvE0XVujisn1qPJcZxg+qDucsr+bP6fLD1rPS3AhJ7EQ=="
    },
    "node_modules/dialog-polyfill": {
      "version": "0.5.6",
      "resolved": "https://registry.npmjs.org/dialog-polyfill/-/dialog-polyfill-0.5.6.tgz",
      "integrity": "sha512-ZbVDJI9uvxPAKze6z146rmfUZjBqNEwcnFTVamQzXH+svluiV7swmVIGr7miwADgfgt1G2JQIytypM9fbyhX4w=="
    },
    "node_modules/focus-lock": {
      "version": "0.9.1",
      "resolved": "https://registry.npmjs.org/focus-lock/-/focus-lock-0.9.1.tgz",
      "integrity": "sha512-/2Nj60Cps6yOLSO+CkVbeSKfwfns5XbX6HOedIK9PdzODP04N9c3xqOcPXayN0WsT9YjJvAnXmI0NdqNIDf5Kw==",
      "dependencies": {
        "tslib": "^2.0.3"
      },
      "engines": {
        "node": ">=10"
      }
    },
    "node_modules/fsevents": {
      "version": "2.3.2",
      "resolved": "https://registry.npmjs.org/fsevents/-/fsevents-2.3.2.tgz",
      "integrity": "sha512-xiqMQR4xAeHTuB9uWm+fFRcIOgKBMiOBP+eXiyT7jsgVCq1bkVygt00oASowB7EdtpOHaaPgKt812P9ab+DDKA==",
      "hasInstallScript": true,
      "optional": true,
      "os": [
        "darwin"
      ],
      "engines": {
        "node": "^8.16.0 || ^10.6.0 || >=11.0.0"
      }
    },
    "node_modules/get-nonce": {
      "version": "1.0.1",
      "resolved": "https://registry.npmjs.org/get-nonce/-/get-nonce-1.0.1.tgz",
      "integrity": "sha512-FJhYRoDaiatfEkUK8HKlicmu/3SGFD51q3itKDGoSTysQJBnfOcxU5GxnhE1E6soB76MbT0MBtnKJuXyAx+96Q==",
      "engines": {
        "node": ">=6"
      }
    },
    "node_modules/govuk-frontend": {
      "version": "3.13.0",
      "resolved": "https://registry.npmjs.org/govuk-frontend/-/govuk-frontend-3.13.0.tgz",
      "integrity": "sha512-JiPCeasuHZ+9m1VyqhsfE81PhWIW4Sweoe6Jvn6oMjQNr75ZpupiytN3DGwA+WKOoESHZibIG+heAzlkdZ/MhA==",
      "engines": {
        "node": ">= 4.2.0"
      }
    },
    "node_modules/invariant": {
      "version": "2.2.4",
      "resolved": "https://registry.npmjs.org/invariant/-/invariant-2.2.4.tgz",
      "integrity": "sha512-phJfQVBuaJM5raOpJjSfkiD6BpbCE4Ns//LaXl6wGYtUBY83nWS6Rf9tXm2e8VaK60JEjYldbPif/A2B1C2gNA==",
      "dependencies": {
        "loose-envify": "^1.0.0"
      }
    },
    "node_modules/js-tokens": {
      "version": "4.0.0",
      "resolved": "https://registry.npmjs.org/js-tokens/-/js-tokens-4.0.0.tgz",
      "integrity": "sha512-RdJUflcE3cUzKiMqQgsCu06FPu9UdIJO0beYbPhHN4k6apgJtifcoCtT9bcxOpYBtpD2kCM6Sbzg4CausW/PKQ=="
    },
    "node_modules/lbh-frontend": {
      "version": "3.5.3",
      "resolved": "https://registry.npmjs.org/lbh-frontend/-/lbh-frontend-3.5.3.tgz",
      "integrity": "sha512-3PElf9B5Cj1zNQJoUGg/Hxtn8YdI0u2bUE/gl1Jx0Qu0VGtqM3o8xD7t/tyNMHQfYkLKp1lioWvBLd3NGI9Dcg==",
      "dependencies": {
        "@reach/dialog": "^0.15.0",
        "@tippyjs/react": "^4.2.5",
        "dialog-polyfill": "^0.5.6",
        "govuk-frontend": "^3.11.0",
        "leaflet": "^1.7.1",
        "underscore": "^1.9.1"
      },
      "optionalDependencies": {
        "fsevents": "*"
      }
    },
    "node_modules/leaflet": {
      "version": "1.7.1",
      "resolved": "https://registry.npmjs.org/leaflet/-/leaflet-1.7.1.tgz",
      "integrity": "sha512-/xwPEBidtg69Q3HlqPdU3DnrXQOvQU/CCHA1tcDQVzOwm91YMYaILjNp7L4Eaw5Z4sOYdbBz6koWyibppd8Zqw=="
    },
    "node_modules/loose-envify": {
      "version": "1.4.0",
      "resolved": "https://registry.npmjs.org/loose-envify/-/loose-envify-1.4.0.tgz",
      "integrity": "sha512-lyuxPGr/Wfhrlem2CL/UcnUc1zcqKAImBDzukY7Y5F/yQiNdko6+fRLevlw1HgMySw7f611UIY408EtxRSoK3Q==",
      "dependencies": {
        "js-tokens": "^3.0.0 || ^4.0.0"
      },
      "bin": {
        "loose-envify": "cli.js"
      }
    },
    "node_modules/object-assign": {
      "version": "4.1.1",
      "resolved": "https://registry.npmjs.org/object-assign/-/object-assign-4.1.1.tgz",
      "integrity": "sha1-IQmtx5ZYh8/AXLvUQsrIv7s2CGM=",
      "engines": {
        "node": ">=0.10.0"
      }
    },
    "node_modules/prop-types": {
      "version": "15.7.2",
      "resolved": "https://registry.npmjs.org/prop-types/-/prop-types-15.7.2.tgz",
      "integrity": "sha512-8QQikdH7//R2vurIJSutZ1smHYTcLpRWEOlHnzcWHmBYrOGUysKwSsrC89BCiFj3CbrfJ/nXFdJepOVrY1GCHQ==",
      "dependencies": {
        "loose-envify": "^1.4.0",
        "object-assign": "^4.1.1",
        "react-is": "^16.8.1"
      }
    },
    "node_modules/react": {
      "version": "17.0.2",
      "resolved": "https://registry.npmjs.org/react/-/react-17.0.2.tgz",
      "integrity": "sha512-gnhPt75i/dq/z3/6q/0asP78D0u592D5L1pd7M8P+dck6Fu/jJeL6iVVK23fptSUZj8Vjf++7wXA8UNclGQcbA==",
      "peer": true,
      "dependencies": {
        "loose-envify": "^1.1.0",
        "object-assign": "^4.1.1"
      },
      "engines": {
        "node": ">=0.10.0"
      }
    },
    "node_modules/react-clientside-effect": {
      "version": "1.2.5",
      "resolved": "https://registry.npmjs.org/react-clientside-effect/-/react-clientside-effect-1.2.5.tgz",
      "integrity": "sha512-2bL8qFW1TGBHozGGbVeyvnggRpMjibeZM2536AKNENLECutp2yfs44IL8Hmpn8qjFQ2K7A9PnYf3vc7aQq/cPA==",
      "dependencies": {
        "@babel/runtime": "^7.12.13"
      },
      "peerDependencies": {
        "react": "^15.3.0 || ^16.0.0 || ^17.0.0"
      }
    },
    "node_modules/react-dom": {
      "version": "17.0.2",
      "resolved": "https://registry.npmjs.org/react-dom/-/react-dom-17.0.2.tgz",
      "integrity": "sha512-s4h96KtLDUQlsENhMn1ar8t2bEa+q/YAtj8pPPdIjPDGBDIVNsrD9aXNWqspUe6AzKCIG0C1HZZLqLV7qpOBGA==",
      "peer": true,
      "dependencies": {
        "loose-envify": "^1.1.0",
        "object-assign": "^4.1.1",
        "scheduler": "^0.20.2"
      },
      "peerDependencies": {
        "react": "17.0.2"
      }
    },
    "node_modules/react-focus-lock": {
      "version": "2.5.2",
      "resolved": "https://registry.npmjs.org/react-focus-lock/-/react-focus-lock-2.5.2.tgz",
      "integrity": "sha512-WzpdOnEqjf+/A3EH9opMZWauag7gV0BxFl+EY4ElA4qFqYsUsBLnmo2sELbN5OC30S16GAWMy16B9DLPpdJKAQ==",
      "dependencies": {
        "@babel/runtime": "^7.0.0",
        "focus-lock": "^0.9.1",
        "prop-types": "^15.6.2",
        "react-clientside-effect": "^1.2.5",
        "use-callback-ref": "^1.2.5",
        "use-sidecar": "^1.0.5"
      },
      "peerDependencies": {
        "react": "^16.8.0 || ^17.0.0"
      }
    },
    "node_modules/react-is": {
      "version": "16.13.1",
      "resolved": "https://registry.npmjs.org/react-is/-/react-is-16.13.1.tgz",
      "integrity": "sha512-24e6ynE2H+OKt4kqsOvNd8kBpV65zoxbA4BVsEOB3ARVWQki/DHzaUoC5KuON/BiccDaCCTZBuOcfZs70kR8bQ=="
    },
    "node_modules/react-remove-scroll": {
      "version": "2.4.3",
      "resolved": "https://registry.npmjs.org/react-remove-scroll/-/react-remove-scroll-2.4.3.tgz",
      "integrity": "sha512-lGWYXfV6jykJwbFpsuPdexKKzp96f3RbvGapDSIdcyGvHb7/eqyn46C7/6h+rUzYar1j5mdU+XECITHXCKBk9Q==",
      "dependencies": {
        "react-remove-scroll-bar": "^2.1.0",
        "react-style-singleton": "^2.1.0",
        "tslib": "^1.0.0",
        "use-callback-ref": "^1.2.3",
        "use-sidecar": "^1.0.1"
      },
      "engines": {
        "node": ">=8.5.0"
      },
      "peerDependencies": {
        "@types/react": "^16.8.0 || ^17.0.0",
        "react": "^16.8.0 || ^17.0.0"
      },
      "peerDependenciesMeta": {
        "@types/react": {
          "optional": true
        }
      }
    },
    "node_modules/react-remove-scroll-bar": {
      "version": "2.2.0",
      "resolved": "https://registry.npmjs.org/react-remove-scroll-bar/-/react-remove-scroll-bar-2.2.0.tgz",
      "integrity": "sha512-UU9ZBP1wdMR8qoUs7owiVcpaPwsQxUDC2lypP6mmixaGlARZa7ZIBx1jcuObLdhMOvCsnZcvetOho0wzPa9PYg==",
      "dependencies": {
        "react-style-singleton": "^2.1.0",
        "tslib": "^1.0.0"
      },
      "engines": {
        "node": ">=8.5.0"
      },
      "peerDependencies": {
        "@types/react": "^16.8.0 || ^17.0.0",
        "react": "^16.8.0 || ^17.0.0"
      },
      "peerDependenciesMeta": {
        "@types/react": {
          "optional": true
        }
      }
    },
    "node_modules/react-remove-scroll-bar/node_modules/tslib": {
      "version": "1.14.1",
      "resolved": "https://registry.npmjs.org/tslib/-/tslib-1.14.1.tgz",
      "integrity": "sha512-Xni35NKzjgMrwevysHTCArtLDpPvye8zV/0E4EyYn43P7/7qvQwPh9BGkHewbMulVntbigmcT7rdX3BNo9wRJg=="
    },
    "node_modules/react-remove-scroll/node_modules/tslib": {
      "version": "1.14.1",
      "resolved": "https://registry.npmjs.org/tslib/-/tslib-1.14.1.tgz",
      "integrity": "sha512-Xni35NKzjgMrwevysHTCArtLDpPvye8zV/0E4EyYn43P7/7qvQwPh9BGkHewbMulVntbigmcT7rdX3BNo9wRJg=="
    },
    "node_modules/react-style-singleton": {
      "version": "2.1.1",
      "resolved": "https://registry.npmjs.org/react-style-singleton/-/react-style-singleton-2.1.1.tgz",
      "integrity": "sha512-jNRp07Jza6CBqdRKNgGhT3u9umWvils1xsuMOjZlghBDH2MU0PL2WZor4PGYjXpnRCa9DQSlHMs/xnABWOwYbA==",
      "dependencies": {
        "get-nonce": "^1.0.0",
        "invariant": "^2.2.4",
        "tslib": "^1.0.0"
      },
      "engines": {
        "node": ">=8.5.0"
      },
      "peerDependencies": {
        "@types/react": "^16.8.0 || ^17.0.0",
        "react": "^16.8.0 || ^17.0.0"
      },
      "peerDependenciesMeta": {
        "@types/react": {
          "optional": true
        }
      }
    },
    "node_modules/react-style-singleton/node_modules/tslib": {
      "version": "1.14.1",
      "resolved": "https://registry.npmjs.org/tslib/-/tslib-1.14.1.tgz",
      "integrity": "sha512-Xni35NKzjgMrwevysHTCArtLDpPvye8zV/0E4EyYn43P7/7qvQwPh9BGkHewbMulVntbigmcT7rdX3BNo9wRJg=="
    },
    "node_modules/regenerator-runtime": {
      "version": "0.13.9",
      "resolved": "https://registry.npmjs.org/regenerator-runtime/-/regenerator-runtime-0.13.9.tgz",
      "integrity": "sha512-p3VT+cOEgxFsRRA9X4lkI1E+k2/CtnKtU4gcxyaCUreilL/vqI6CdZ3wxVUx3UOUg+gnUOQQcRI7BmSI656MYA=="
    },
    "node_modules/scheduler": {
      "version": "0.20.2",
      "resolved": "https://registry.npmjs.org/scheduler/-/scheduler-0.20.2.tgz",
      "integrity": "sha512-2eWfGgAqqWFGqtdMmcL5zCMK1U8KlXv8SQFGglL3CEtd0aDVDWgeF/YoCmvln55m5zSk3J/20hTaSBeSObsQDQ==",
      "peer": true,
      "dependencies": {
        "loose-envify": "^1.1.0",
        "object-assign": "^4.1.1"
      }
    },
    "node_modules/tiny-warning": {
      "version": "1.0.3",
      "resolved": "https://registry.npmjs.org/tiny-warning/-/tiny-warning-1.0.3.tgz",
      "integrity": "sha512-lBN9zLN/oAf68o3zNXYrdCt1kP8WsiGW8Oo2ka41b2IM5JL/S1CTyX1rW0mb/zSuJun0ZUrDxx4sqvYS2FWzPA=="
    },
    "node_modules/tippy.js": {
      "version": "6.3.1",
      "resolved": "https://registry.npmjs.org/tippy.js/-/tippy.js-6.3.1.tgz",
      "integrity": "sha512-JnFncCq+rF1dTURupoJ4yPie5Cof978inW6/4S6kmWV7LL9YOSEVMifED3KdrVPEG+Z/TFH2CDNJcQEfaeuQww==",
      "dependencies": {
        "@popperjs/core": "^2.8.3"
      }
    },
    "node_modules/tslib": {
      "version": "2.3.1",
      "resolved": "https://registry.npmjs.org/tslib/-/tslib-2.3.1.tgz",
      "integrity": "sha512-77EbyPPpMz+FRFRuAFlWMtmgUWGe9UOG2Z25NqCwiIjRhOf5iKGuzSe5P2w1laq+FkRy4p+PCuVkJSGkzTEKVw=="
    },
    "node_modules/underscore": {
      "version": "1.13.1",
      "resolved": "https://registry.npmjs.org/underscore/-/underscore-1.13.1.tgz",
      "integrity": "sha512-hzSoAVtJF+3ZtiFX0VgfFPHEDRm7Y/QPjGyNo4TVdnDTdft3tr8hEkD25a1jC+TjTuE7tkHGKkhwCgs9dgBB2g=="
    },
    "node_modules/use-callback-ref": {
      "version": "1.2.5",
      "resolved": "https://registry.npmjs.org/use-callback-ref/-/use-callback-ref-1.2.5.tgz",
      "integrity": "sha512-gN3vgMISAgacF7sqsLPByqoePooY3n2emTH59Ur5d/M8eg4WTWu1xp8i8DHjohftIyEx0S08RiYxbffr4j8Peg==",
      "engines": {
        "node": ">=8.5.0"
      },
      "peerDependencies": {
        "@types/react": "^16.8.0 || ^17.0.0",
        "react": "^16.8.0 || ^17.0.0"
      },
      "peerDependenciesMeta": {
        "@types/react": {
          "optional": true
        }
      }
    },
    "node_modules/use-sidecar": {
      "version": "1.0.5",
      "resolved": "https://registry.npmjs.org/use-sidecar/-/use-sidecar-1.0.5.tgz",
      "integrity": "sha512-k9jnrjYNwN6xYLj1iaGhonDghfvmeTmYjAiGvOr7clwKfPjMXJf4/HOr7oT5tJwYafgp2tG2l3eZEOfoELiMcA==",
      "dependencies": {
        "detect-node-es": "^1.1.0",
        "tslib": "^1.9.3"
      },
      "engines": {
        "node": ">=8.5.0"
      },
      "peerDependencies": {
        "react": "^16.8.0 || ^17.0.0"
      }
    },
    "node_modules/use-sidecar/node_modules/tslib": {
      "version": "1.14.1",
      "resolved": "https://registry.npmjs.org/tslib/-/tslib-1.14.1.tgz",
      "integrity": "sha512-Xni35NKzjgMrwevysHTCArtLDpPvye8zV/0E4EyYn43P7/7qvQwPh9BGkHewbMulVntbigmcT7rdX3BNo9wRJg=="
    }
  },
  "dependencies": {
    "@babel/runtime": {
      "version": "7.15.3",
      "resolved": "https://registry.npmjs.org/@babel/runtime/-/runtime-7.15.3.tgz",
      "integrity": "sha512-OvwMLqNXkCXSz1kSm58sEsNuhqOx/fKpnUnKnFB5v8uDda5bLNEHNgKPvhDN6IU0LDcnHQ90LlJ0Q6jnyBSIBA==",
      "requires": {
        "regenerator-runtime": "^0.13.4"
      }
    },
    "@popperjs/core": {
      "version": "2.9.3",
      "resolved": "https://registry.npmjs.org/@popperjs/core/-/core-2.9.3.tgz",
      "integrity": "sha512-xDu17cEfh7Kid/d95kB6tZsLOmSWKCZKtprnhVepjsSaCij+lM3mItSJDuuHDMbCWTh8Ejmebwb+KONcCJ0eXQ=="
    },
    "@reach/dialog": {
      "version": "0.15.3",
      "resolved": "https://registry.npmjs.org/@reach/dialog/-/dialog-0.15.3.tgz",
      "integrity": "sha512-fF9Wkk4CCuKqRLko92hhElV2mZJpYhq7F97aP0iLyP31xz14/hcFnM3/qocxnKW5V1nA41xl0/yZfxljfyuwig==",
      "requires": {
        "@reach/portal": "0.15.3",
        "@reach/utils": "0.15.3",
        "prop-types": "^15.7.2",
        "react-focus-lock": "^2.5.1",
        "react-remove-scroll": "^2.4.2",
        "tslib": "^2.3.0"
      }
    },
    "@reach/portal": {
      "version": "0.15.3",
      "resolved": "https://registry.npmjs.org/@reach/portal/-/portal-0.15.3.tgz",
      "integrity": "sha512-9VkVEQIF9gK73uK1f9MYhrJivd0dpxhkBEb2zwVCIEGvKVxadmRNmCjgcWexGjA0UeCjIhEjQQehs/IZHNLPdw==",
      "requires": {
        "@reach/utils": "0.15.3",
        "tslib": "^2.3.0"
      }
    },
    "@reach/utils": {
      "version": "0.15.3",
      "resolved": "https://registry.npmjs.org/@reach/utils/-/utils-0.15.3.tgz",
      "integrity": "sha512-HFyjw8LZ4/RRk5bcMpDAeEc3aOeLR/vWRDsljlE3cHI5GfFlZcG3DDLSW8C2ba74RCFp/4X3Nz0nOrd4JdkZ1w==",
      "requires": {
        "tiny-warning": "^1.0.3",
        "tslib": "^2.3.0"
      }
    },
    "@tippyjs/react": {
      "version": "4.2.5",
      "resolved": "https://registry.npmjs.org/@tippyjs/react/-/react-4.2.5.tgz",
      "integrity": "sha512-YBLgy+1zznBNbx4JOoOdFXWMLXjBh9hLPwRtq3s8RRdrez2l3tPBRt2m2909wZd9S1KUeKjOOYYsnitccI9I3A==",
      "requires": {
        "tippy.js": "^6.3.1"
      }
    },
    "detect-node-es": {
      "version": "1.1.0",
      "resolved": "https://registry.npmjs.org/detect-node-es/-/detect-node-es-1.1.0.tgz",
      "integrity": "sha512-ypdmJU/TbBby2Dxibuv7ZLW3Bs1QEmM7nHjEANfohJLvE0XVujisn1qPJcZxg+qDucsr+bP6fLD1rPS3AhJ7EQ=="
    },
    "dialog-polyfill": {
      "version": "0.5.6",
      "resolved": "https://registry.npmjs.org/dialog-polyfill/-/dialog-polyfill-0.5.6.tgz",
      "integrity": "sha512-ZbVDJI9uvxPAKze6z146rmfUZjBqNEwcnFTVamQzXH+svluiV7swmVIGr7miwADgfgt1G2JQIytypM9fbyhX4w=="
    },
    "focus-lock": {
      "version": "0.9.1",
      "resolved": "https://registry.npmjs.org/focus-lock/-/focus-lock-0.9.1.tgz",
      "integrity": "sha512-/2Nj60Cps6yOLSO+CkVbeSKfwfns5XbX6HOedIK9PdzODP04N9c3xqOcPXayN0WsT9YjJvAnXmI0NdqNIDf5Kw==",
      "requires": {
        "tslib": "^2.0.3"
      }
    },
    "fsevents": {
      "version": "2.3.2",
      "resolved": "https://registry.npmjs.org/fsevents/-/fsevents-2.3.2.tgz",
      "integrity": "sha512-xiqMQR4xAeHTuB9uWm+fFRcIOgKBMiOBP+eXiyT7jsgVCq1bkVygt00oASowB7EdtpOHaaPgKt812P9ab+DDKA==",
      "optional": true
    },
    "get-nonce": {
      "version": "1.0.1",
      "resolved": "https://registry.npmjs.org/get-nonce/-/get-nonce-1.0.1.tgz",
      "integrity": "sha512-FJhYRoDaiatfEkUK8HKlicmu/3SGFD51q3itKDGoSTysQJBnfOcxU5GxnhE1E6soB76MbT0MBtnKJuXyAx+96Q=="
    },
    "govuk-frontend": {
      "version": "3.13.0",
      "resolved": "https://registry.npmjs.org/govuk-frontend/-/govuk-frontend-3.13.0.tgz",
      "integrity": "sha512-JiPCeasuHZ+9m1VyqhsfE81PhWIW4Sweoe6Jvn6oMjQNr75ZpupiytN3DGwA+WKOoESHZibIG+heAzlkdZ/MhA=="
    },
    "invariant": {
      "version": "2.2.4",
      "resolved": "https://registry.npmjs.org/invariant/-/invariant-2.2.4.tgz",
      "integrity": "sha512-phJfQVBuaJM5raOpJjSfkiD6BpbCE4Ns//LaXl6wGYtUBY83nWS6Rf9tXm2e8VaK60JEjYldbPif/A2B1C2gNA==",
      "requires": {
        "loose-envify": "^1.0.0"
      }
    },
    "js-tokens": {
      "version": "4.0.0",
      "resolved": "https://registry.npmjs.org/js-tokens/-/js-tokens-4.0.0.tgz",
      "integrity": "sha512-RdJUflcE3cUzKiMqQgsCu06FPu9UdIJO0beYbPhHN4k6apgJtifcoCtT9bcxOpYBtpD2kCM6Sbzg4CausW/PKQ=="
    },
    "lbh-frontend": {
      "version": "3.5.3",
      "resolved": "https://registry.npmjs.org/lbh-frontend/-/lbh-frontend-3.5.3.tgz",
      "integrity": "sha512-3PElf9B5Cj1zNQJoUGg/Hxtn8YdI0u2bUE/gl1Jx0Qu0VGtqM3o8xD7t/tyNMHQfYkLKp1lioWvBLd3NGI9Dcg==",
      "requires": {
        "@reach/dialog": "^0.15.0",
        "@tippyjs/react": "^4.2.5",
        "dialog-polyfill": "^0.5.6",
        "fsevents": "*",
        "govuk-frontend": "^3.11.0",
        "leaflet": "^1.7.1",
        "underscore": "^1.9.1"
      }
    },
    "leaflet": {
      "version": "1.7.1",
      "resolved": "https://registry.npmjs.org/leaflet/-/leaflet-1.7.1.tgz",
      "integrity": "sha512-/xwPEBidtg69Q3HlqPdU3DnrXQOvQU/CCHA1tcDQVzOwm91YMYaILjNp7L4Eaw5Z4sOYdbBz6koWyibppd8Zqw=="
    },
    "loose-envify": {
      "version": "1.4.0",
      "resolved": "https://registry.npmjs.org/loose-envify/-/loose-envify-1.4.0.tgz",
      "integrity": "sha512-lyuxPGr/Wfhrlem2CL/UcnUc1zcqKAImBDzukY7Y5F/yQiNdko6+fRLevlw1HgMySw7f611UIY408EtxRSoK3Q==",
      "requires": {
        "js-tokens": "^3.0.0 || ^4.0.0"
      }
    },
    "object-assign": {
      "version": "4.1.1",
      "resolved": "https://registry.npmjs.org/object-assign/-/object-assign-4.1.1.tgz",
      "integrity": "sha1-IQmtx5ZYh8/AXLvUQsrIv7s2CGM="
    },
    "prop-types": {
      "version": "15.7.2",
      "resolved": "https://registry.npmjs.org/prop-types/-/prop-types-15.7.2.tgz",
      "integrity": "sha512-8QQikdH7//R2vurIJSutZ1smHYTcLpRWEOlHnzcWHmBYrOGUysKwSsrC89BCiFj3CbrfJ/nXFdJepOVrY1GCHQ==",
      "requires": {
        "loose-envify": "^1.4.0",
        "object-assign": "^4.1.1",
        "react-is": "^16.8.1"
      }
    },
    "react": {
      "version": "17.0.2",
      "resolved": "https://registry.npmjs.org/react/-/react-17.0.2.tgz",
      "integrity": "sha512-gnhPt75i/dq/z3/6q/0asP78D0u592D5L1pd7M8P+dck6Fu/jJeL6iVVK23fptSUZj8Vjf++7wXA8UNclGQcbA==",
      "peer": true,
      "requires": {
        "loose-envify": "^1.1.0",
        "object-assign": "^4.1.1"
      }
    },
    "react-clientside-effect": {
      "version": "1.2.5",
      "resolved": "https://registry.npmjs.org/react-clientside-effect/-/react-clientside-effect-1.2.5.tgz",
      "integrity": "sha512-2bL8qFW1TGBHozGGbVeyvnggRpMjibeZM2536AKNENLECutp2yfs44IL8Hmpn8qjFQ2K7A9PnYf3vc7aQq/cPA==",
      "requires": {
        "@babel/runtime": "^7.12.13"
      }
    },
    "react-dom": {
      "version": "17.0.2",
      "resolved": "https://registry.npmjs.org/react-dom/-/react-dom-17.0.2.tgz",
      "integrity": "sha512-s4h96KtLDUQlsENhMn1ar8t2bEa+q/YAtj8pPPdIjPDGBDIVNsrD9aXNWqspUe6AzKCIG0C1HZZLqLV7qpOBGA==",
      "peer": true,
      "requires": {
        "loose-envify": "^1.1.0",
        "object-assign": "^4.1.1",
        "scheduler": "^0.20.2"
      }
    },
    "react-focus-lock": {
      "version": "2.5.2",
      "resolved": "https://registry.npmjs.org/react-focus-lock/-/react-focus-lock-2.5.2.tgz",
      "integrity": "sha512-WzpdOnEqjf+/A3EH9opMZWauag7gV0BxFl+EY4ElA4qFqYsUsBLnmo2sELbN5OC30S16GAWMy16B9DLPpdJKAQ==",
      "requires": {
        "@babel/runtime": "^7.0.0",
        "focus-lock": "^0.9.1",
        "prop-types": "^15.6.2",
        "react-clientside-effect": "^1.2.5",
        "use-callback-ref": "^1.2.5",
        "use-sidecar": "^1.0.5"
      }
    },
    "react-is": {
      "version": "16.13.1",
      "resolved": "https://registry.npmjs.org/react-is/-/react-is-16.13.1.tgz",
      "integrity": "sha512-24e6ynE2H+OKt4kqsOvNd8kBpV65zoxbA4BVsEOB3ARVWQki/DHzaUoC5KuON/BiccDaCCTZBuOcfZs70kR8bQ=="
    },
    "react-remove-scroll": {
      "version": "2.4.3",
      "resolved": "https://registry.npmjs.org/react-remove-scroll/-/react-remove-scroll-2.4.3.tgz",
      "integrity": "sha512-lGWYXfV6jykJwbFpsuPdexKKzp96f3RbvGapDSIdcyGvHb7/eqyn46C7/6h+rUzYar1j5mdU+XECITHXCKBk9Q==",
      "requires": {
        "react-remove-scroll-bar": "^2.1.0",
        "react-style-singleton": "^2.1.0",
        "tslib": "^1.0.0",
        "use-callback-ref": "^1.2.3",
        "use-sidecar": "^1.0.1"
      },
      "dependencies": {
        "tslib": {
          "version": "1.14.1",
          "resolved": "https://registry.npmjs.org/tslib/-/tslib-1.14.1.tgz",
          "integrity": "sha512-Xni35NKzjgMrwevysHTCArtLDpPvye8zV/0E4EyYn43P7/7qvQwPh9BGkHewbMulVntbigmcT7rdX3BNo9wRJg=="
        }
      }
    },
    "react-remove-scroll-bar": {
      "version": "2.2.0",
      "resolved": "https://registry.npmjs.org/react-remove-scroll-bar/-/react-remove-scroll-bar-2.2.0.tgz",
      "integrity": "sha512-UU9ZBP1wdMR8qoUs7owiVcpaPwsQxUDC2lypP6mmixaGlARZa7ZIBx1jcuObLdhMOvCsnZcvetOho0wzPa9PYg==",
      "requires": {
        "react-style-singleton": "^2.1.0",
        "tslib": "^1.0.0"
      },
      "dependencies": {
        "tslib": {
          "version": "1.14.1",
          "resolved": "https://registry.npmjs.org/tslib/-/tslib-1.14.1.tgz",
          "integrity": "sha512-Xni35NKzjgMrwevysHTCArtLDpPvye8zV/0E4EyYn43P7/7qvQwPh9BGkHewbMulVntbigmcT7rdX3BNo9wRJg=="
        }
      }
    },
    "react-style-singleton": {
      "version": "2.1.1",
      "resolved": "https://registry.npmjs.org/react-style-singleton/-/react-style-singleton-2.1.1.tgz",
      "integrity": "sha512-jNRp07Jza6CBqdRKNgGhT3u9umWvils1xsuMOjZlghBDH2MU0PL2WZor4PGYjXpnRCa9DQSlHMs/xnABWOwYbA==",
      "requires": {
        "get-nonce": "^1.0.0",
        "invariant": "^2.2.4",
        "tslib": "^1.0.0"
      },
      "dependencies": {
        "tslib": {
          "version": "1.14.1",
          "resolved": "https://registry.npmjs.org/tslib/-/tslib-1.14.1.tgz",
          "integrity": "sha512-Xni35NKzjgMrwevysHTCArtLDpPvye8zV/0E4EyYn43P7/7qvQwPh9BGkHewbMulVntbigmcT7rdX3BNo9wRJg=="
        }
      }
    },
    "regenerator-runtime": {
      "version": "0.13.9",
      "resolved": "https://registry.npmjs.org/regenerator-runtime/-/regenerator-runtime-0.13.9.tgz",
      "integrity": "sha512-p3VT+cOEgxFsRRA9X4lkI1E+k2/CtnKtU4gcxyaCUreilL/vqI6CdZ3wxVUx3UOUg+gnUOQQcRI7BmSI656MYA=="
    },
    "scheduler": {
      "version": "0.20.2",
      "resolved": "https://registry.npmjs.org/scheduler/-/scheduler-0.20.2.tgz",
      "integrity": "sha512-2eWfGgAqqWFGqtdMmcL5zCMK1U8KlXv8SQFGglL3CEtd0aDVDWgeF/YoCmvln55m5zSk3J/20hTaSBeSObsQDQ==",
      "peer": true,
      "requires": {
        "loose-envify": "^1.1.0",
        "object-assign": "^4.1.1"
      }
    },
    "tiny-warning": {
      "version": "1.0.3",
      "resolved": "https://registry.npmjs.org/tiny-warning/-/tiny-warning-1.0.3.tgz",
      "integrity": "sha512-lBN9zLN/oAf68o3zNXYrdCt1kP8WsiGW8Oo2ka41b2IM5JL/S1CTyX1rW0mb/zSuJun0ZUrDxx4sqvYS2FWzPA=="
    },
    "tippy.js": {
      "version": "6.3.1",
      "resolved": "https://registry.npmjs.org/tippy.js/-/tippy.js-6.3.1.tgz",
      "integrity": "sha512-JnFncCq+rF1dTURupoJ4yPie5Cof978inW6/4S6kmWV7LL9YOSEVMifED3KdrVPEG+Z/TFH2CDNJcQEfaeuQww==",
      "requires": {
        "@popperjs/core": "^2.8.3"
      }
    },
    "tslib": {
      "version": "2.3.1",
      "resolved": "https://registry.npmjs.org/tslib/-/tslib-2.3.1.tgz",
      "integrity": "sha512-77EbyPPpMz+FRFRuAFlWMtmgUWGe9UOG2Z25NqCwiIjRhOf5iKGuzSe5P2w1laq+FkRy4p+PCuVkJSGkzTEKVw=="
    },
    "underscore": {
      "version": "1.13.1",
      "resolved": "https://registry.npmjs.org/underscore/-/underscore-1.13.1.tgz",
      "integrity": "sha512-hzSoAVtJF+3ZtiFX0VgfFPHEDRm7Y/QPjGyNo4TVdnDTdft3tr8hEkD25a1jC+TjTuE7tkHGKkhwCgs9dgBB2g=="
    },
    "use-callback-ref": {
      "version": "1.2.5",
      "resolved": "https://registry.npmjs.org/use-callback-ref/-/use-callback-ref-1.2.5.tgz",
      "integrity": "sha512-gN3vgMISAgacF7sqsLPByqoePooY3n2emTH59Ur5d/M8eg4WTWu1xp8i8DHjohftIyEx0S08RiYxbffr4j8Peg==",
      "requires": {}
    },
    "use-sidecar": {
      "version": "1.0.5",
      "resolved": "https://registry.npmjs.org/use-sidecar/-/use-sidecar-1.0.5.tgz",
      "integrity": "sha512-k9jnrjYNwN6xYLj1iaGhonDghfvmeTmYjAiGvOr7clwKfPjMXJf4/HOr7oT5tJwYafgp2tG2l3eZEOfoELiMcA==",
      "requires": {
        "detect-node-es": "^1.1.0",
        "tslib": "^1.9.3"
      },
      "dependencies": {
        "tslib": {
          "version": "1.14.1",
          "resolved": "https://registry.npmjs.org/tslib/-/tslib-1.14.1.tgz",
          "integrity": "sha512-Xni35NKzjgMrwevysHTCArtLDpPvye8zV/0E4EyYn43P7/7qvQwPh9BGkHewbMulVntbigmcT7rdX3BNo9wRJg=="
        }
      }
    }
  }
}
